version = 1
revision = 3
requires-python = ">=3.14"

[[package]]
name = "anyio"
version = "4.14.2"
source = { registry = "https://pypi.org/simple" }
dependencies = [
    { name = "idna" },
]
sdist = { url = "https://files.pythonhosted.org/packages/61/cc/a381afa6efea9f496eff839d4a6a1aed3bfafc7b3ab4b0d1b243a12573dd/anyio-4.14.2.tar.gz", hash = "sha256:cfa139f3ed1a23ee8f88a145ddb5ac7605b8bbfd8592baacd7ce3d8bb4313c7f", size = 260176, upload-time = "2026-07-12T20:29:07.082Z" }
wheels = [
    { url = "https://files.pythonhosted.org/packages/da/35/f2287558c17e29fafc8ef3daf819bb9834061cfa43bff8014f7df7f63bdc/anyio-4.14.2-py3-none-any.whl", hash = "sha256:9f505dda5ac9f0c8309b5e8bd445a8c2bf7246f3ce950121e45ea15bc41d1494", size = 125813, upload-time = "2026-07-12T20:29:05.763Z" },
]

[[package]]
name = "bengal-chirp"
version = "0.10.3"
source = { registry = "https://pypi.org/simple" }
dependencies = [
    { name = "anyio" },
    { name = "bengal-pounce" },
    { name = "kida-templates" },
    { name = "milo-cli" },
]
sdist = { url = "https://files.pythonhosted.org/packages/55/b6/9bac4244bb107c9195aab5b4d9cc5db6eaeebef9c313177627b9adf323e4/bengal_chirp-0.10.3.tar.gz", hash = "sha256:5c11881250359ae692b59f212ed3b37c48a147cf020e18e1092d3b9570c4a2a3", size = 1146175, upload-time = "2026-07-16T19:32:30.157Z" }
wheels = [
    { url = "https://files.pythonhosted.org/packages/4e/1b/aaf0079e2cfcd982ef07efd5c9060b78d19477f6287ef28aadf116e295a8/bengal_chirp-0.10.3-py3-none-any.whl", hash = "sha256:5374d8ad25b459b46480b4307df50fcb4edb5f86aeb930ba1ffbc7be09b04089", size = 934044, upload-time = "2026-07-16T19:32:28.351Z" },
]

[package.optional-dependencies]
markdown = [
    { name = "patitas", extra = ["syntax"] },
]
sessions = [
    { name = "itsdangerous" },
]

[[package]]
name = "bengal-pounce"
version = "0.9.2"
source = { registry = "https://pypi.org/simple" }
dependencies = [
    { name = "h11" },
    { name = "milo-cli" },
]
sdist = { url = "https://files.pythonhosted.org/packages/66/fa/c582d91f61ec995b15c55fd1f1efbc6e00695298ea71ccf7fe7d2258ee68/bengal_pounce-0.9.2.tar.gz", hash = "sha256:25ef96beb5e7ad7d3cff3dc40c08274612a93624eb2b132fd444c492b91fae59", size = 254288, upload-time = "2026-07-13T15:42:54.017Z" }
wheels = [
    { url = "https://files.pythonhosted.org/packages/69/bc/fdefc9ec2d5d78985481836fdb6da1f979c552ed1097a9f3f14b2803224c/bengal_pounce-0.9.2-py3-none-any.whl", hash = "sha256:875e7896bf2a39c4618f61cc0a6ba7934b0e0e4840172487734af530f4f78115", size = 288974, upload-time = "2026-07-13T15:42:52.45Z" },
]

[[package]]
name = "chirp-ui"
version = "0.11.4"
source = { registry = "https://pypi.org/simple" }
dependencies = [
    { name = "kida-templates" },
]
sdist = { url = "https://files.pythonhosted.org/packages/4f/26/738b495ac85f997e43490dada84b8d719122981e8d973d908957971655d1/chirp_ui-0.11.4.tar.gz", hash = "sha256:3ae9a8864503fd02771579aa658d61c3f7251778fa624aa0efcff9772f91342c", size = 2081118, upload-time = "2026-07-13T18:41:29.33Z" }
wheels = [
    { url = "https://files.pythonhosted.org/packages/13/44/88c60a3e8efe26d5c733f4a68caff4c00cbe343eae2518d84f3c5c3ec1fa/chirp_ui-0.11.4-py3-none-any.whl", hash = "sha256:7d3fc7006a8683834e53df675e72457194c49341a730e2027bb5a56c03b6a48d", size = 2206812, upload-time = "2026-07-13T18:41:27.47Z" },
]

[[package]]
name = "colorama"
version = "0.4.6"
source = { registry = "https://pypi.org/simple" }
sdist = { url = "https://files.pythonhosted.org/packages/d8/53/6f443c9a4a8358a93a6792e2acffb9d9d5cb0a5cfd8802644b7b1c9a02e4/colorama-0.4.6.tar.gz", hash = "sha256:08695f5cb7ed6e0531a20572697297273c47b8cae5a63ffc6d6ed5c201be6e44", size = 27697, upload-time = "2022-10-25T02:36:22.414Z" }
wheels = [
    { url = "https://files.pythonhosted.org/packages/d1/d6/3965ed04c63042e047cb6a3e6ed1a63a35087b6a609aa3a15ed8ac56c221/colorama-0.4.6-py2.py3-none-any.whl", hash = "sha256:4f1d9991f5acc0ca119f9d443620b77f9d6b33703e51011c16baf57afb285fc6", size = 25335, upload-time = "2022-10-25T02:36:20.889Z" },
]

[[package]]
name = "h11"
version = "0.16.0"
source = { registry = "https://pypi.org/simple" }
sdist = { url = "https://files.pythonhosted.org/packages/01/ee/02a2c011bdab74c6fb3c75474d40b3052059d95df7e73351460c8588d963/h11-0.16.0.tar.gz", hash = "sha256:4e35b956cf45792e4caa5885e69fba00bdbc6ffafbfa020300e549b208ee5ff1", size = 101250, upload-time = "2025-04-24T03:35:25.427Z" }
wheels = [
    { url = "https://files.pythonhosted.org/packages/04/4b/29cac41a4d98d144bf5f6d33995617b185d14b22401f75ca86f384e87ff1/h11-0.16.0-py3-none-any.whl", hash = "sha256:63cf8bbe7522de3bf65932fda1d9c2772064ffb3dae62d55932da54b31cb6c86", size = 37515, upload-time = "2025-04-24T03:35:24.344Z" },
]

[[package]]
name = "idna"
version = "3.18"
source = { registry = "https://pypi.org/simple" }
sdist = { url = "https://files.pythonhosted.org/packages/cd/63/9496c57188a2ee585e0f1db071d75089a11e98aa86eb99d9d7618fc1edce/idna-3.18.tar.gz", hash = "sha256:ffb385a7e039654cef1ab9ef32c6fafe283c0c0467bba1d9029738ce4a14a848", size = 196711, upload-time = "2026-06-02T14:34:07.794Z" }
wheels = [
    { url = "https://files.pythonhosted.org/packages/1e/5e/d4e9f1a599fb8e573b7b87160658329fbf28d19eac2718f51fc3def3aa5a/idna-3.18-py3-none-any.whl", hash = "sha256:7f952cbe720b688055e3f87de14f5c3e5fdaa8bc3928985c4077ca689de849a2", size = 65455, upload-time = "2026-06-02T14:34:06.319Z" },
]

[[package]]
name = "iniconfig"
version = "2.3.0"
source = { registry = "https://pypi.org/simple" }
sdist = { url = "https://files.pythonhosted.org/packages/72/34/14ca021ce8e5dfedc35312d08ba8bf51fdd999c576889fc2c24cb97f4f10/iniconfig-2.3.0.tar.gz", hash = "sha256:c76315c77db068650d49c5b56314774a7804df16fee4402c1f19d6d15d8c4730", size = 20503, upload-time = "2025-10-18T21:55:43.219Z" }
wheels = [
    { url = "https://files.pythonhosted.org/packages/cb/b1/3846dd7f199d53cb17f49cba7e651e9ce294d8497c8c150530ed11865bb8/iniconfig-2.3.0-py3-none-any.whl", hash = "sha256:f631c04d2c48c52b84d0d0549c99ff3859c98df65b3101406327ecc7d53fbf12", size = 7484, upload-time = "2025-10-18T21:55:41.639Z" },
]

[[package]]
name = "itsdangerous"
version = "2.2.0"
source = { registry = "https://pypi.org/simple" }
sdist = { url = "https://files.pythonhosted.org/packages/9c/cb/8ac0172223afbccb63986cc25049b154ecfb5e85932587206f42317be31d/itsdangerous-2.2.0.tar.gz", hash = "sha256:e0050c0b7da1eea53ffaf149c0cfbb5c6e2e2b69c4bef22c81fa6eb73e5f6173", size = 54410, upload-time = "2024-04-16T21:28:15.614Z" }
wheels = [
    { url = "https://files.pythonhosted.org/packages/04/96/92447566d16df59b2a776c0fb82dbc4d9e07cd95062562af01e408583fc4/itsdangerous-2.2.0-py3-none-any.whl", hash = "sha256:c6242fc49e35958c8b15141343aa660db5fc54d4f13a1db01a3f5891b98700ef", size = 16234, upload-time = "2024-04-16T21:28:14.499Z" },
]

[[package]]
name = "kida-templates"
version = "0.12.0"
source = { registry = "https://pypi.org/simple" }
sdist = { url = "https://files.pythonhosted.org/packages/97/e8/726ec799566935572778b068921614e76151a685a8feb3f2f4e316a8ecbd/kida_templates-0.12.0.tar.gz", hash = "sha256:e784e0fbc7fc35c343c0d75f680e0af263ba06ae5f99a1ac372637036f56db57", size = 680371, upload-time = "2026-07-13T16:54:31.657Z" }
wheels = [
    { url = "https://files.pythonhosted.org/packages/a4/41/6676a8e92d82f60dea62a527e9e0530ca2cf370bf9fe213f5f4263c290f7/kida_templates-0.12.0-py3-none-any.whl", hash = "sha256:75a87dd444d4d08aa9b5b51f78c2ed3576a71b85192ed56b97ce22ed7a23a6e4", size = 455794, upload-time = "2026-07-13T16:54:29.935Z" },
]

[[package]]
name = "milo-cli"
version = "0.4.3"
source = { registry = "https://pypi.org/simple" }
dependencies = [
    { name = "kida-templates" },
]
sdist = { url = "https://files.pythonhosted.org/packages/06/5d/07eb59bd0264a274bca03d814efe5f1b45e25d63c64185e7e1e254697997/milo_cli-0.4.3.tar.gz", hash = "sha256:e570da76f55175f613ebb943cb88a1c09e1c7e2cb7f47ecce494be334208b85c", size = 302701, upload-time = "2026-07-13T17:46:32.375Z" }
wheels = [
    { url = "https://files.pythonhosted.org/packages/a9/ba/c776540be97ea91602c9b2fb571533a01dd334837a89eb6871ac4a671f22/milo_cli-0.4.3-py3-none-any.whl", hash = "sha256:3c25e8422fe8bff928791bc823a2714af39f0382b545b24ad318f2a900afc3db", size = 173556, upload-time = "2026-07-13T17:46:30.82Z" },
]

[[package]]
name = "packaging"
version = "26.2"
source = { registry = "https://pypi.org/simple" }
sdist = { url = "https://files.pythonhosted.org/packages/d7/f1/e7a6dd94a8d4a5626c03e4e99c87f241ba9e350cd9e6d75123f992427270/packaging-26.2.tar.gz", hash = "sha256:ff452ff5a3e828ce110190feff1178bb1f2ea2281fa2075aadb987c2fb221661", size = 228134, upload-time = "2026-04-24T20:15:23.917Z" }
wheels = [
    { url = "https://files.pythonhosted.org/packages/df/b2/87e62e8c3e2f4b32e5fe99e0b86d576da1312593b39f47d8ceef365e95ed/packaging-26.2-py3-none-any.whl", hash = "sha256:5fc45236b9446107ff2415ce77c807cee2862cb6fac22b8a73826d0693b0980e", size = 100195, upload-time = "2026-04-24T20:15:22.081Z" },
]

[[package]]
name = "patitas"
version = "0.4.0"
source = { registry = "https://pypi.org/simple" }
dependencies = [
    { name = "pyyaml" },
]
sdist = { url = "https://files.pythonhosted.org/packages/a6/09/16efb3af2d0ff7fb8e8def9f03546f7bebd06e8af3c210cbdeb58a1d8f5b/patitas-0.4.0.tar.gz", hash = "sha256:7b12f1480efb461e5d11667e2a97c21d34e4ee3a373847f17d6e60518be73451", size = 280424, upload-time = "2026-06-15T17:39:42.59Z" }
wheels = [
    { url = "https://files.pythonhosted.org/packages/32/77/5095101e5de66d3588ceba12d5dbcbe3f414de8cd835dd51aa15842277b8/patitas-0.4.0-py3-none-any.whl", hash = "sha256:20269812fb12d1b6f424b7b3e65e4095a4e16eb39da310c69480c55b8c6fad75", size = 240835, upload-time = "2026-06-15T17:39:41.298Z" },
]

[package.optional-dependencies]
syntax = [
    { name = "rosettes" },
]

[[package]]
name = "pluggy"
version = "1.6.0"
source = { registry = "https://pypi.org/simple" }
sdist = { url = "https://files.pythonhosted.org/packages/f9/e2/3e91f31a7d2b083fe6ef3fa267035b518369d9511ffab804f839851d2779/pluggy-1.6.0.tar.gz", hash = "sha256:7dcc130b76258d33b90f61b658791dede3486c3e6bfb003ee5c9bfb396dd22f3", size = 69412, upload-time = "2025-05-15T12:30:07.975Z" }
wheels = [
    { url = "https://files.pythonhosted.org/packages/54/20/4d324d65cc6d9205fabedc306948156824eb9f0ee1633355a8f7ec5c66bf/pluggy-1.6.0-py3-none-any.whl", hash = "sha256:e920276dd6813095e9377c0bc5566d94c932c33b27a3e3945d8389c374dd4746", size = 20538, upload-time = "2025-05-15T12:30:06.134Z" },
]

[[package]]
name = "pygments"
version = "2.20.0"
source = { registry = "https://pypi.org/simple" }
sdist = { url = "https://files.pythonhosted.org/packages/c3/b2/bc9c9196916376152d655522fdcebac55e66de6603a76a02bca1b6414f6c/pygments-2.20.0.tar.gz", hash = "sha256:6757cd03768053ff99f3039c1a36d6c0aa0b263438fcab17520b30a303a82b5f", size = 4955991, upload-time = "2026-03-29T13:29:33.898Z" }
wheels = [
    { url = "https://files.pythonhosted.org/packages/f4/7e/a72dd26f3b0f4f2bf1dd8923c85f7ceb43172af56d63c7383eb62b332364/pygments-2.20.0-py3-none-any.whl", hash = "sha256:81a9e26dd42fd28a23a2d169d86d7ac03b46e2f8b59ed4698fb4785f946d0176", size = 1231151, upload-time = "2026-03-29T13:29:30.038Z" },
]

[[package]]
name = "pytest"
version = "9.1.1"
source = { registry = "https://pypi.org/simple" }
dependencies = [
    { name = "colorama", marker = "sys_platform == 'win32'" },
    { name = "iniconfig" },
    { name = "packaging" },
    { name = "pluggy" },
    { name = "pygments" },
]
sdist = { url = "https://files.pythonhosted.org/packages/e4/47/b9efed96c114afcfa3c9d3fe98a76a1d14c74a9e266d397cf6eb64be5e01/pytest-9.1.1.tar.gz", hash = "sha256:1088fbde8f2b49d95a549a195707afa7a76a3ce9bcadc26b6d71f0ffda5fe313", size = 1636369, upload-time = "2026-06-19T10:58:32.857Z" }
wheels = [
    { url = "https://files.pythonhosted.org/packages/24/25/1de2678b631f5a49215c6c96fff41ba892b0a34df68d6d80292b1b48aa7f/pytest-9.1.1-py3-none-any.whl", hash = "sha256:37a86b45efb9a47a61a36449063e8e18d0cab3161329fc099eb21783169c4f0c", size = 386536, upload-time = "2026-06-19T10:58:31.347Z" },
]

[[package]]
name = "pytest-asyncio"
version = "1.4.0"
source = { registry = "https://pypi.org/simple" }
dependencies = [
    { name = "pytest" },
]
sdist = { url = "https://files.pythonhosted.org/packages/43/7c/d36d04db312ecf4298932ef77e6e4a9e8ad017906e24e34f0b0c361a2473/pytest_asyncio-1.4.0.tar.gz", hash = "sha256:c6c0d2259945122819f171a32ecea2c349ead889ee28176caaf492143424be42", size = 58514, upload-time = "2026-05-26T09:56:04.083Z" }
wheels = [
    { url = "https://files.pythonhosted.org/packages/03/e2/08a497ef684b88559c9cc5f4ad53a37e7b99e727094a86d6ea32536d5d3c/pytest_asyncio-1.4.0-py3-none-any.whl", hash = "sha256:933ca923a23075a87fb7070c0ec272a6848489824d887c85c812670932835aa1", size = 16930, upload-time = "2026-05-26T09:56:02.576Z" },
]

[[package]]
name = "pyyaml"
version = "6.0.3"
source = { registry = "https://pypi.org/simple" }
sdist = { url = "https://files.pythonhosted.org/packages/05/8e/961c0007c59b8dd7729d542c61a4d537767a59645b82a0b521206e1e25c2/pyyaml-6.0.3.tar.gz", hash = "sha256:d76623373421df22fb4cf8817020cbb7ef15c725b9d5e45f17e189bfc384190f", size = 130960, upload-time = "2025-09-25T21:33:16.546Z" }
wheels = [
    { url = "https://files.pythonhosted.org/packages/9d/8c/f4bd7f6465179953d3ac9bc44ac1a8a3e6122cf8ada906b4f96c60172d43/pyyaml-6.0.3-cp314-cp314-macosx_10_13_x86_64.whl", hash = "sha256:8d1fab6bb153a416f9aeb4b8763bc0f22a5586065f86f7664fc23339fc1c1fac", size = 181814, upload-time = "2025-09-25T21:32:35.712Z" },
    { url = "https://files.pythonhosted.org/packages/bd/9c/4d95bb87eb2063d20db7b60faa3840c1b18025517ae857371c4dd55a6b3a/pyyaml-6.0.3-cp314-cp314-macosx_11_0_arm64.whl", hash = "sha256:34d5fcd24b8445fadc33f9cf348c1047101756fd760b4dacb5c3e99755703310", size = 173809, upload-time = "2025-09-25T21:32:36.789Z" },
    { url = "https://files.pythonhosted.org/packages/92/b5/47e807c2623074914e29dabd16cbbdd4bf5e9b2db9f8090fa64411fc5382/pyyaml-6.0.3-cp314-cp314-manylinux2014_aarch64.manylinux_2_17_aarch64.manylinux_2_28_aarch64.whl", hash = "sha256:501a031947e3a9025ed4405a168e6ef5ae3126c59f90ce0cd6f2bfc477be31b7", size = 766454, upload-time = "2025-09-25T21:32:37.966Z" },
    { url = "https://files.pythonhosted.org/packages/02/9e/e5e9b168be58564121efb3de6859c452fccde0ab093d8438905899a3a483/pyyaml-6.0.3-cp314-cp314-manylinux2014_s390x.manylinux_2_17_s390x.manylinux_2_28_s390x.whl", hash = "sha256:b3bc83488de33889877a0f2543ade9f70c67d66d9ebb4ac959502e12de895788", size = 836355, upload-time = "2025-09-25T21:32:39.178Z" },
    { url = "https://files.pythonhosted.org/packages/88/f9/16491d7ed2a919954993e48aa941b200f38040928474c9e85ea9e64222c3/pyyaml-6.0.3-cp314-cp314-manylinux2014_x86_64.manylinux_2_17_x86_64.manylinux_2_28_x86_64.whl", hash = "sha256:c458b6d084f9b935061bc36216e8a69a7e293a2f1e68bf956dcd9e6cbcd143f5", size = 794175, upload-time = "2025-09-25T21:32:40.865Z" },
    { url = "https://files.pythonhosted.org/packages/dd/3f/5989debef34dc6397317802b527dbbafb2b4760878a53d4166579111411e/pyyaml-6.0.3-cp314-cp314-musllinux_1_2_aarch64.whl", hash = "sha256:7c6610def4f163542a622a73fb39f534f8c101d690126992300bf3207eab9764", size = 755228, upload-time = "2025-09-25T21:32:42.084Z" },
    { url = "https://files.pythonhosted.org/packages/d7/ce/af88a49043cd2e265be63d083fc75b27b6ed062f5f9fd6cdc223ad62f03e/pyyaml-6.0.3-cp314-cp314-musllinux_1_2_x86_64.whl", hash = "sha256:5190d403f121660ce8d1d2c1bb2ef1bd05b5f68533fc5c2ea899bd15f4399b35", size = 789194, upload-time = "2025-09-25T21:32:43.362Z" },
    { url = "https://files.pythonhosted.org/packages/23/20/bb6982b26a40bb43951265ba29d4c246ef0ff59c9fdcdf0ed04e0687de4d/pyyaml-6.0.3-cp314-cp314-win_amd64.whl", hash = "sha256:4a2e8cebe2ff6ab7d1050ecd59c25d4c8bd7e6f400f5f82b96557ac0abafd0ac", size = 156429, upload-time = "2025-09-25T21:32:57.844Z" },
    { url = "https://files.pythonhosted.org/packages/f4/f4/a4541072bb9422c8a883ab55255f918fa378ecf083f5b85e87fc2b4eda1b/pyyaml-6.0.3-cp314-cp314-win_arm64.whl", hash = "sha256:93dda82c9c22deb0a405ea4dc5f2d0cda384168e466364dec6255b293923b2f3", size = 143912, upload-time = "2025-09-25T21:32:59.247Z" },
    { url = "https://files.pythonhosted.org/packages/7c/f9/07dd09ae774e4616edf6cda684ee78f97777bdd15847253637a6f052a62f/pyyaml-6.0.3-cp314-cp314t-macosx_10_13_x86_64.whl", hash = "sha256:02893d100e99e03eda1c8fd5c441d8c60103fd175728e23e431db1b589cf5ab3", size = 189108, upload-time = "2025-09-25T21:32:44.377Z" },
    { url = "https://files.pythonhosted.org/packages/4e/78/8d08c9fb7ce09ad8c38ad533c1191cf27f7ae1effe5bb9400a46d9437fcf/pyyaml-6.0.3-cp314-cp314t-macosx_11_0_arm64.whl", hash = "sha256:c1ff362665ae507275af2853520967820d9124984e0f7466736aea23d8611fba", size = 183641, upload-time = "2025-09-25T21:32:45.407Z" },
    { url = "https://files.pythonhosted.org/packages/7b/5b/3babb19104a46945cf816d047db2788bcaf8c94527a805610b0289a01c6b/pyyaml-6.0.3-cp314-cp314t-manylinux2014_aarch64.manylinux_2_17_aarch64.manylinux_2_28_aarch64.whl", hash = "sha256:6adc77889b628398debc7b65c073bcb99c4a0237b248cacaf3fe8a557563ef6c", size = 831901, upload-time = "2025-09-25T21:32:48.83Z" },
    { url = "https://files.pythonhosted.org/packages/8b/cc/dff0684d8dc44da4d22a13f35f073d558c268780ce3c6ba1b87055bb0b87/pyyaml-6.0.3-cp314-cp314t-manylinux2014_s390x.manylinux_2_17_s390x.manylinux_2_28_s390x.whl", hash = "sha256:a80cb027f6b349846a3bf6d73b5e95e782175e52f22108cfa17876aaeff93702", size = 861132, upload-time = "2025-09-25T21:32:50.149Z" },
    { url = "https://files.pythonhosted.org/packages/b1/5e/f77dc6b9036943e285ba76b49e118d9ea929885becb0a29ba8a7c75e29fe/pyyaml-6.0.3-cp314-cp314t-manylinux2014_x86_64.manylinux_2_17_x86_64.manylinux_2_28_x86_64.whl", hash = "sha256:00c4bdeba853cc34e7dd471f16b4114f4162dc03e6b7afcc2128711f0eca823c", size = 839261, upload-time = "2025-09-25T21:32:51.808Z" },
    { url = "https://files.pythonhosted.org/packages/ce/88/a9db1376aa2a228197c58b37302f284b5617f56a5d959fd1763fb1675ce6/pyyaml-6.0.3-cp314-cp314t-musllinux_1_2_aarch64.whl", hash = "sha256:66e1674c3ef6f541c35191caae2d429b967b99e02040f5ba928632d9a7f0f065", size = 805272, upload-time = "2025-09-25T21:32:52.941Z" },
    { url = "https://files.pythonhosted.org/packages/da/92/1446574745d74df0c92e6aa4a7b0b3130706a4142b2d1a5869f2eaa423c6/pyyaml-6.0.3-cp314-cp314t-musllinux_1_2_x86_64.whl", hash = "sha256:16249ee61e95f858e83976573de0f5b2893b3677ba71c9dd36b9cf8be9ac6d65", size = 829923, upload-time = "2025-09-25T21:32:54.537Z" },
    { url = "https://files.pythonhosted.org/packages/f0/7a/1c7270340330e575b92f397352af856a8c06f230aa3e76f86b39d01b416a/pyyaml-6.0.3-cp314-cp314t-win_amd64.whl", hash = "sha256:4ad1906908f2f5ae4e5a8ddfce73c320c2a1429ec52eafd27138b7f1cbe341c9", size = 174062, upload-time = "2025-09-25T21:32:55.767Z" },
    { url = "https://files.pythonhosted.org/packages/f1/12/de94a39c2ef588c7e6455cfbe7343d3b2dc9d6b6b2f40c4c6565744c873d/pyyaml-6.0.3-cp314-cp314t-win_arm64.whl", hash = "sha256:ebc55a14a21cb14062aa4162f906cd962b28e2e9ea38f9b4391244cd8de4ae0b", size = 149341, upload-time = "2025-09-25T21:32:56.828Z" },
]

[[package]]
name = "rosettes"
version = "0.2.0"
source = { registry = "https://pypi.org/simple" }
sdist = { url = "https://files.pythonhosted.org/packages/9d/54/3568ce0b0b12ecb9a763d8c6f77929b4ef3f60d0279f6336c877c631a23f/rosettes-0.2.0.tar.gz", hash = "sha256:538cd22f9c96e70bb743974af360c4e03f91ab80e9ed05356e2b192ab04fe633", size = 133807, upload-time = "2026-02-14T18:53:41.661Z" }
wheels = [
    { url = "https://files.pythonhosted.org/packages/d1/5f/b8eca9b4ba319ec3e7c0ef38665229a082af0a85d27898320a72ba9c7c33/rosettes-0.2.0-py3-none-any.whl", hash = "sha256:38272fa1a3332c9b53f8c5513de16bff3134d859362d1edfde9c28fd67cc8689", size = 202882, upload-time = "2026-02-14T18:53:39.814Z" },
]

[[package]]
name = "ruff"
version = "0.15.22"
source = { registry = "https://pypi.org/simple" }
sdist = { url = "https://files.pythonhosted.org/packages/3a/06/ae069393fc66e8ff33036d4b368003833bf6e88ccf182e17e7a2f1c754fd/ruff-0.15.22.tar.gz", hash = "sha256:3f15175b1fb580126f58285a5dae6b2ea89000136d980c64499211f116b54809", size = 4785063, upload-time = "2026-07-16T15:14:13.244Z" }
wheels = [
    { url = "https://files.pythonhosted.org/packages/23/18/ee54b7ae1e121be7a28ea6da4b67564ebb0530e183a54415ab7e3bcd2c4e/ruff-0.15.22-py3-none-linux_armv6l.whl", hash = "sha256:44423e73493737f5e7c5b41d475483898ff37afcdae38bc3da5085e29af1c2d8", size = 10781258, upload-time = "2026-07-16T15:13:19.452Z" },
    { url = "https://files.pythonhosted.org/packages/2f/d2/2520cb14761ddbeaf57642a76942fc36adcbdbe53b4532241995f6fc485c/ruff-0.15.22-py3-none-macosx_10_12_x86_64.whl", hash = "sha256:b82c6482946e9eda7ff2e091d25b8bad3f718684e1916d41bd56873cee05b697", size = 10999477, upload-time = "2026-07-16T15:13:23.318Z" },
    { url = "https://files.pythonhosted.org/packages/c9/10/74e53572aa758dfaa678c2a2646b5c5515d884b7ca56be4d2ce03ca4b560/ruff-0.15.22-py3-none-macosx_11_0_arm64.whl", hash = "sha256:11c1c715af53a09f714e011106bffc419751ec8232fcb5da42173284ea3fec6f", size = 10466716, upload-time = "2026-07-16T15:13:26.162Z" },
    { url = "https://files.pythonhosted.org/packages/1e/cc/44eaaf0844e028182f2d0a8f2190d0f359159aed0a9e5ab861d892f1ae2a/ruff-0.15.22-py3-none-manylinux_2_17_aarch64.manylinux2014_aarch64.whl", hash = "sha256:742a29cf29bddb7c8327895d6a10e0e6c5b38a96dd407af9b5d0857f809c0576", size = 10892644, upload-time = "2026-07-16T15:13:29.229Z" },
    { url = "https://files.pythonhosted.org/packages/9f/21/8edf559014d2b0f82beea19cfb713993ad802ccda16868769979c6090a84/ruff-0.15.22-py3-none-manylinux_2_17_armv7l.manylinux2014_armv7l.whl", hash = "sha256:72af58b951b0ae395935ae79763dc349bc0eb706319d28f7a33ad2cfb3cfc178", size = 10576719, upload-time = "2026-07-16T15:13:32.35Z" },
    { url = "https://files.pythonhosted.org/packages/bf/1e/3a13abd392a3b50b62e5938a831f9ab6e588358cacad5c18545b716d2182/ruff-0.15.22-py3-none-manylinux_2_17_i686.manylinux2014_i686.whl", hash = "sha256:62d425005c1835eb24e2ee4161cb90e8db263415f4a71c8c72c33abaa6c0c224", size = 11376494, upload-time = "2026-07-16T15:13:35.958Z" },
    { url = "https://files.pythonhosted.org/packages/bf/3e/422d3d95bcf04dd78e1aeac22184d4f9a8fb2c01865d39d44618484a0317/ruff-0.15.22-py3-none-manylinux_2_17_ppc64le.manylinux2014_ppc64le.whl", hash = "sha256:e8b9b3f8779a4f08c969defc3c8c35abffaa757e601ed5ae66d6d1db6519969a", size = 12208370, upload-time = "2026-07-16T15:13:39.185Z" },
    { url = "https://files.pythonhosted.org/packages/1e/91/5d065a0e0a02bf4813f5119ad278462eed081d2b832eb7c021ade0ec9e65/ruff-0.15.22-py3-none-manylinux_2_17_s390x.manylinux2014_s390x.whl", hash = "sha256:1e0dd1b2e4d3d585f897a0d137cbf4eaf6223bef4e8ce34d6bb12556c5f9249e", size = 11581098, upload-time = "2026-07-16T15:13:42.132Z" },
    { url = "https://files.pythonhosted.org/packages/f6/f9/a0d4871d12fae702eb1f41b686caf05f1f8b124dc6db6f784f53d74918fa/ruff-0.15.22-py3-none-manylinux_2_17_x86_64.manylinux2014_x86_64.whl", hash = "sha256:365523eb91d9224e1bcb03b022fbf0facb8f9e23792a2c53d9d4b3924bdbdebb", size = 11399422, upload-time = "2026-07-16T15:13:45.2Z" },
    { url = "https://files.pythonhosted.org/packages/18/80/c843a5176cddbceb0b7e8dd41cf9993490796c1c469348d384f5a5c13c56/ruff-0.15.22-py3-none-manylinux_2_31_riscv64.whl", hash = "sha256:fabfd168afdf29fee5be98b831efa9683c94d7c5a3b58b9ce5a2e38444589a74", size = 11381683, upload-time = "2026-07-16T15:13:48.46Z" },
    { url = "https://files.pythonhosted.org/packages/d4/00/8485de0ae92239438a36cfc51350db9b9e85c9ebdfaea91b18e422706662/ruff-0.15.22-py3-none-musllinux_1_2_aarch64.whl", hash = "sha256:225dbf095a87f1d9f90f5fd7924d2613ee452a75a4308c63a8f50f761787aa7c", size = 10850295, upload-time = "2026-07-16T15:13:51.655Z" },
    { url = "https://files.pythonhosted.org/packages/fa/91/24977ec2ec72eaf15e4394ace2959fdff2dd1e14f03e005e838023407169/ruff-0.15.22-py3-none-musllinux_1_2_armv7l.whl", hash = "sha256:1877d63b9d24ed278744f1523fd11b85540566d54641f97c566d7d9dc5ca5296", size = 10579640, upload-time = "2026-07-16T15:13:54.79Z" },
    { url = "https://files.pythonhosted.org/packages/9c/47/9b51216951974df1f263ac19da550d34252e0ed7218c25f10c5ef9ed7517/ruff-0.15.22-py3-none-musllinux_1_2_i686.whl", hash = "sha256:a1606c510bd7215680d32efab38965f7cdec3ef69f5170a3f4791404ffdd5262", size = 11105077, upload-time = "2026-07-16T15:13:57.915Z" },
    { url = "https://files.pythonhosted.org/packages/c2/47/20e9d4a3b8016778acea5fc32bb50d35d207500a17ddb529ffa6996feef8/ruff-0.15.22-py3-none-musllinux_1_2_x86_64.whl", hash = "sha256:630479b18625f5ffc373f77603a22a9f8ac0acd7ff0501178b5db28ec71e9c64", size = 11490980, upload-time = "2026-07-16T15:14:01.032Z" },
    { url = "https://files.pythonhosted.org/packages/4d/76/3f72d8fc38c1cb77b38c56a70da9d0c17700cc1cc50f9649c9d3c8f5ba71/ruff-0.15.22-py3-none-win32.whl", hash = "sha256:e5ba0e4a13fd14abbed2a77b517a3911290c6c6c59ef67784328d1668fab76cf", size = 10789165, upload-time = "2026-07-16T15:14:04.16Z" },
    { url = "https://files.pythonhosted.org/packages/cb/46/4965251734c2b6fcdca1b1b187d20bcac3af0ee5b083b89c910bb961ce3a/ruff-0.15.22-py3-none-win_amd64.whl", hash = "sha256:9be63ba1eb936acd2d1342fb8337c356353706fce233b2a15a09a97037e6acde", size = 11938297, upload-time = "2026-07-16T15:14:07.316Z" },
    { url = "https://files.pythonhosted.org/packages/57/c9/e69b1ff4c8b69093ef08b8919ab767af0569666865b39c30a8795d88d3c6/ruff-0.15.22-py3-none-win_arm64.whl", hash = "sha256:e1168075b72158510839f250027659cdd78476f40507dd517892304c41318661", size = 11298172, upload-time = "2026-07-16T15:14:10.51Z" },
]

[[package]]
name = "showrun"
version = "0.1.0"
source = { virtual = "." }
dependencies = [
    { name = "bengal-chirp", extra = ["markdown", "sessions"] },
    { name = "chirp-ui" },
    { name = "kida-templates" },
    { name = "patitas", extra = ["syntax"] },
]

[package.dev-dependencies]
dev = [
    { name = "pytest" },
    { name = "pytest-asyncio" },
    { name = "ruff" },
    { name = "ty" },
]

[package.metadata]
requires-dist = [
    { name = "bengal-chirp", extras = ["markdown", "sessions"], specifier = ">=0.10,<0.11" },
    { name = "chirp-ui", specifier = ">=0.11,<0.12" },
    { name = "kida-templates", specifier = ">=0.12,<0.13" },
    { name = "patitas", extras = ["syntax"], specifier = ">=0.4,<0.5" },
]

[package.metadata.requires-dev]
dev = [
    { name = "pytest", specifier = ">=9.0" },
    { name = "pytest-asyncio", specifier = ">=1.0" },
    { name = "ruff", specifier = ">=0.15" },
    { name = "ty", specifier = ">=0.0.14" },
]

[[package]]
name = "ty"
version = "0.0.63"
source = { registry = "https://pypi.org/simple" }
sdist = { url = "https://files.pythonhosted.org/packages/ba/ce/cbeaa5c7576fec643609dfbf200d59493523b1cc0481d4e7a5effcbf0630/ty-0.0.63.tar.gz", hash = "sha256:c2f66439393b3acac69306c117d4ae44638ce5fffa4a20c21046e85bd473359f", size = 6280695, upload-time = "2026-07-23T11:41:39.845Z" }
wheels = [
    { url = "https://files.pythonhosted.org/packages/1a/e4/d17a8e113ab15c692fe6fb9c422112d4bee7e829d80ced35826b45d98d98/ty-0.0.63-py3-none-linux_armv6l.whl", hash = "sha256:9a4ef7782e3af314fb63d006bec5ac3025bd70fee774b4dcfb5e44e8564f1994", size = 12056302, upload-time = "2026-07-23T11:41:03.5Z" },
    { url = "https://files.pythonhosted.org/packages/be/0b/357234c815dc4bfcc88c3f860aa0983fe4228c8aa2a5bb16c35ee08a94af/ty-0.0.63-py3-none-macosx_10_12_x86_64.whl", hash = "sha256:01eab0ab70d51ad10298aa2d4b058b387a1fe93e5ee52d2a1ee23e9c69ba8354", size = 11737674, upload-time = "2026-07-23T11:41:05.862Z" },
    { url = "https://files.pythonhosted.org/packages/1c/13/193d9aeeb6774690351cff9fafabd3ae9b54cc225d125e07fa004ce23bdc/ty-0.0.63-py3-none-macosx_11_0_arm64.whl", hash = "sha256:a671b61eaad16178389e05b9c108c9cb75ae8d84968fe55906484f55d6268338", size = 11264191, upload-time = "2026-07-23T11:41:07.963Z" },
    { url = "https://files.pythonhosted.org/packages/4f/b7/c5843e16759a2b25fc8a7197473474038e585ac9fdaa6fa16aeb6384bf6a/ty-0.0.63-py3-none-manylinux_2_17_aarch64.manylinux2014_aarch64.whl", hash = "sha256:b255cc83d95c51bb9ee4931303fdbece8cb1d6d7c655eb77a3f2c8f349fb64d6", size = 11818890, upload-time = "2026-07-23T11:41:09.885Z" },
    { url = "https://files.pythonhosted.org/packages/06/20/adf83ae1fc570d9bb449605e1eeeaa523ad2329ca838a636698b5c135d11/ty-0.0.63-py3-none-manylinux_2_17_armv7l.manylinux2014_armv7l.whl", hash = "sha256:0da1e8183aa4f893421a173904478021498f542ee41273660538da6649a9631c", size = 11853141, upload-time = "2026-07-23T11:41:12.151Z" },
    { url = "https://files.pythonhosted.org/packages/ea/90/f8effd846e3ee13486ea08257c13094d58b9f188c5641bf609d6a7d5c09f/ty-0.0.63-py3-none-manylinux_2_17_i686.manylinux2014_i686.whl", hash = "sha256:128f38eb5a67199e3811426386f7ec96f41251ddf45e04ddc0bcbb29d4853245", size = 12545184, upload-time = "2026-07-23T11:41:14.4Z" },
    { url = "https://files.pythonhosted.org/packages/b8/76/aac3a30d40431eb1d329acea016b248f5b6255e30ef3d28e19447e344be2/ty-0.0.63-py3-none-manylinux_2_17_ppc64le.manylinux2014_ppc64le.whl", hash = "sha256:bedf34aff8b0557f2a7119b314a68a9c9e58c1d21554d0e2748f2c5fe6a1f638", size = 13062375, upload-time = "2026-07-23T11:41:16.441Z" },
    { url = "https://files.pythonhosted.org/packages/62/3d/0158733932893e17f6008dadd74c8d7aed422fefc66e47fe77888014fe8c/ty-0.0.63-py3-none-manylinux_2_17_s390x.manylinux2014_s390x.whl", hash = "sha256:7328d63c34587606dce02935a25404f54cd0161bfe413b8f7fc21d174aead612", size = 12619461, upload-time = "2026-07-23T11:41:18.538Z" },
    { url = "https://files.pythonhosted.org/packages/f5/be/e280ad095b050778f16f493d49a073fa5f6d8f301d3e2e59be6a672ba05c/ty-0.0.63-py3-none-manylinux_2_17_x86_64.manylinux2014_x86_64.whl", hash = "sha256:504c4457f3a62afe836c1f26a2c9a12549299095f9cc4146778558df51a7515c", size = 12376402, upload-time = "2026-07-23T11:41:20.482Z" },
    { url = "https://files.pythonhosted.org/packages/57/57/619788bf335cb86b090470b557ae1eed33613dc24e12142505d32b462e58/ty-0.0.63-py3-none-manylinux_2_31_riscv64.whl", hash = "sha256:7394ed39424b027c89d5f0c818871c791e33958b88f5bb13e14bd4a12a3ca631", size = 12671377, upload-time = "2026-07-23T11:41:22.489Z" },
    { url = "https://files.pythonhosted.org/packages/07/a2/0aff2cdd3c98e2c4729337542b8da0ce1980790e1600e0c4a717a1f46293/ty-0.0.63-py3-none-musllinux_1_2_aarch64.whl", hash = "sha256:94c3f155230490f8fb505911655e940c630c25cc0c35a76690cb413254fb4437", size = 11768090, upload-time = "2026-07-23T11:41:24.558Z" },
    { url = "https://files.pythonhosted.org/packages/43/4a/cdb5f1d26154144dfee08e1bd671daf827238170f7cee9dad43990bb2016/ty-0.0.63-py3-none-musllinux_1_2_armv7l.whl", hash = "sha256:c16e1d8b4f0ae99106d5f13a894034a202baf6cdab61e2bb1a239de82904f839", size = 11867747, upload-time = "2026-07-23T11:41:26.794Z" },
    { url = "https://files.pythonhosted.org/packages/7e/26/ecc09ecb70bc9fbfdf42fa57ff29568f173e8200df575a0d72dc2b8486f9/ty-0.0.63-py3-none-musllinux_1_2_i686.whl", hash = "sha256:b66293dad89eaed4b9fbf3b661614dbeb85b59ba037178a3f9a0adedf264da5c", size = 12120000, upload-time = "2026-07-23T11:41:28.731Z" },
    { url = "https://files.pythonhosted.org/packages/14/07/862822f9c2c397785b69b25cf79b4dfc3c0d55684b9adf11ac194450f8e1/ty-0.0.63-py3-none-musllinux_1_2_x86_64.whl", hash = "sha256:8b29cc832e2ec73502c97dd7325d6ae0e085b34a33529a0f785192317d9862fc", size = 12477862, upload-time = "2026-07-23T11:41:30.847Z" },
    { url = "https://files.pythonhosted.org/packages/d0/c2/50b08b641578d6f48e8aa28a91d0de32c91aa24dd926ed199e8afd2d37ea/ty-0.0.63-py3-none-win32.whl", hash = "sha256:f0a8fbfd1f990c0c5d85cce018d438969ac79e49247e2192c9745394bb7d17ab", size = 11433155, upload-time = "2026-07-23T11:41:33.28Z" },
    { url = "https://files.pythonhosted.org/packages/92/2d/d422a5568f0d1f317186be22241288dc6e08b71dc24aca223f22038ac2d2/ty-0.0.63-py3-none-win_amd64.whl", hash = "sha256:2aa2370bdd6f42e9f37518c812379bef70b9162f9e5aad511495229b0b71cb93", size = 12450036, upload-time = "2026-07-23T11:41:35.559Z" },
    { url = "https://files.pythonhosted.org/packages/35/97/2c9748e28ead0650c7ad3e5f74f178832ceabd7cb5c272a882f29eb32ee4/ty-0.0.63-py3-none-win_arm64.whl", hash = "sha256:95ac1a62162c3c7ac204731e95ebf766d62a46a7bfa238a6acbe923fcb772cb1", size = 11826243, upload-time = "2026-07-23T11:41:37.749Z" },
]
